
Microsoft Visual Studio Solution File, Format Version 12.00
# Visual Studio Version 17
VisualStudioVersion = 17.2.32616.157
MinimumVisualStudioVersion = 10.0.40219.1
Project("{9A19103F-16F7-4668-BE54-9A1E7A4F7556}") = "MicroBase.Share", "MicroBase.ShareModel\MicroBase.Share.csproj", "{6ABA79EA-C1D1-48FA-A2F8-208D1E472A3A}"
EndProject
Project("{9A19103F-16F7-4668-BE54-9A1E7A4F7556}") = "MicroBase.RedisProvider", "MicroBase.RedisProvider\MicroBase.RedisProvider.csproj", "{1DA44844-C7C4-4BFD-BD7B-7A41A46145EA}"
EndProject
Project("{9A19103F-16F7-4668-BE54-9A1E7A4F7556}") = "MicroBase.Entity", "MicroBase.Entity\MicroBase.Entity.csproj", "{4FA1825C-2487-4E80-A1C3-DD3069687492}"
EndProject
Project("{2150E333-8FDC-42A3-9474-1A3956D46DE8}") = "Modules", "Modules", "{1B7A05C1-B219-49F8-90C8-0A604AAAB595}"
EndProject
Project("{9A19103F-16F7-4668-BE54-9A1E7A4F7556}") = "MicroBase.ApiApplication", "MicroBase.ApiApplication\MicroBase.ApiApplication.csproj", "{753BCD38-F3A4-4918-B45D-8F35A4210EA4}"
EndProject
Project("{9A19103F-16F7-4668-BE54-9A1E7A4F7556}") = "MicroBase.Service", "MicroBase.Service\MicroBase.Service.csproj", "{966F7A88-DABC-4FE3-94D2-E74266D68B0F}"
EndProject
Project("{9A19103F-16F7-4668-BE54-9A1E7A4F7556}") = "MicroBase.NoDependencyService", "MicroBase.NoDependencyService\MicroBase.NoDependencyService.csproj", "{CF26F971-F3EA-4123-BF85-56A18F908F29}"
EndProject
Project("{9A19103F-16F7-4668-BE54-9A1E7A4F7556}") = "MicroBase.BaseMvc", "MicroBase.BaseMvc\MicroBase.BaseMvc.csproj", "{2CAF60F5-63D1-40A7-AC8E-7CBAF352A897}"
EndProject
Project("{9A19103F-16F7-4668-BE54-9A1E7A4F7556}") = "MicroBase.RabbitMQ", "MicroBase.RabbitMQ\MicroBase.RabbitMQ.csproj", "{017E494C-0C55-4A3C-87BB-46EBB3928FBD}"
EndProject
Project("{9A19103F-16F7-4668-BE54-9A1E7A4F7556}") = "MicroBase.Module.FoundationApi", "MicroBase.Module.FoundationApi\MicroBase.Module.FoundationApi.csproj", "{B4EC06DA-BDBB-4B6C-A2C4-73663B572BB2}"
EndProject
Project("{9A19103F-16F7-4668-BE54-9A1E7A4F7556}") = "TestProject", "TestProject\TestProject.csproj", "{73CD0981-629F-4D9B-8556-4FEA41E201DD}"
EndProject
Project("{2150E333-8FDC-42A3-9474-1A3956D46DE8}") = "Logging", "Logging", "{80F030CD-281E-4791-A077-9DA31B747FDA}"
EndProject
Project("{9A19103F-16F7-4668-BE54-9A1E7A4F7556}") = "MicroBase.Logging", "MicroBase.Logging\MicroBase.Logging.csproj", "{4570D6B7-EE73-4A43-BD51-785B776182EA}"
EndProject
Project("{2150E333-8FDC-42A3-9474-1A3956D46DE8}") = "FileStogare", "FileStogare", "{1489A315-7627-4466-9FC8-74F882743C87}"
EndProject
Project("{9A19103F-16F7-4668-BE54-9A1E7A4F7556}") = "MicroBase.FileStorage", "MicroBase.FileStorage\MicroBase.FileStorage.csproj", "{DB1D8640-0C7A-41A8-AD8D-ECAB7F8106B8}"
EndProject
Project("{9A19103F-16F7-4668-BE54-9A1E7A4F7556}") = "MicroBase.BaseApi", "MicroBase.BaseApi\MicroBase.BaseApi.csproj", "{4990997E-A6D4-453D-B457-3454B044F4A7}"
EndProject
Project("{9A19103F-16F7-4668-BE54-9A1E7A4F7556}") = "WebApplication1", "WebApplication1\WebApplication1.csproj", "{AD701FEA-1005-42C9-82D3-76A8273CF34A}"
EndProject
Project("{FAE04EC0-301F-11D3-BF4B-00C04F79EFBC}") = "MicroBase.DbMigrator", "MicroBase.DbMigrator\MicroBase.DbMigrator.csproj", "{78B0F810-01B6-423A-A0EB-A1494DDC8E1A}"
EndProject
Global
	GlobalSection(SolutionConfigurationPlatforms) = preSolution
		Debug|Any CPU = Debug|Any CPU
		Release|Any CPU = Release|Any CPU
	EndGlobalSection
	GlobalSection(ProjectConfigurationPlatforms) = postSolution
		{6ABA79EA-C1D1-48FA-A2F8-208D1E472A3A}.Debug|Any CPU.ActiveCfg = Debug|Any CPU
		{6ABA79EA-C1D1-48FA-A2F8-208D1E472A3A}.Debug|Any CPU.Build.0 = Debug|Any CPU
		{6ABA79EA-C1D1-48FA-A2F8-208D1E472A3A}.Release|Any CPU.ActiveCfg = Release|Any CPU
		{6ABA79EA-C1D1-48FA-A2F8-208D1E472A3A}.Release|Any CPU.Build.0 = Release|Any CPU
		{1DA44844-C7C4-4BFD-BD7B-7A41A46145EA}.Debug|Any CPU.ActiveCfg = Debug|Any CPU
		{1DA44844-C7C4-4BFD-BD7B-7A41A46145EA}.Debug|Any CPU.Build.0 = Debug|Any CPU
		{1DA44844-C7C4-4BFD-BD7B-7A41A46145EA}.Release|Any CPU.ActiveCfg = Release|Any CPU
		{1DA44844-C7C4-4BFD-BD7B-7A41A46145EA}.Release|Any CPU.Build.0 = Release|Any CPU
		{4FA1825C-2487-4E80-A1C3-DD3069687492}.Debug|Any CPU.ActiveCfg = Debug|Any CPU
		{4FA1825C-2487-4E80-A1C3-DD3069687492}.Debug|Any CPU.Build.0 = Debug|Any CPU
		{4FA1825C-2487-4E80-A1C3-DD3069687492}.Release|Any CPU.ActiveCfg = Release|Any CPU
		{4FA1825C-2487-4E80-A1C3-DD3069687492}.Release|Any CPU.Build.0 = Release|Any CPU
		{753BCD38-F3A4-4918-B45D-8F35A4210EA4}.Debug|Any CPU.ActiveCfg = Debug|Any CPU
		{753BCD38-F3A4-4918-B45D-8F35A4210EA4}.Debug|Any CPU.Build.0 = Debug|Any CPU
		{753BCD38-F3A4-4918-B45D-8F35A4210EA4}.Release|Any CPU.ActiveCfg = Release|Any CPU
		{753BCD38-F3A4-4918-B45D-8F35A4210EA4}.Release|Any CPU.Build.0 = Release|Any CPU
		{966F7A88-DABC-4FE3-94D2-E74266D68B0F}.Debug|Any CPU.ActiveCfg = Debug|Any CPU
		{966F7A88-DABC-4FE3-94D2-E74266D68B0F}.Debug|Any CPU.Build.0 = Debug|Any CPU
		{966F7A88-DABC-4FE3-94D2-E74266D68B0F}.Release|Any CPU.ActiveCfg = Release|Any CPU
		{966F7A88-DABC-4FE3-94D2-E74266D68B0F}.Release|Any CPU.Build.0 = Release|Any CPU
		{CF26F971-F3EA-4123-BF85-56A18F908F29}.Debug|Any CPU.ActiveCfg = Debug|Any CPU
		{CF26F971-F3EA-4123-BF85-56A18F908F29}.Debug|Any CPU.Build.0 = Debug|Any CPU
		{CF26F971-F3EA-4123-BF85-56A18F908F29}.Release|Any CPU.ActiveCfg = Release|Any CPU
		{CF26F971-F3EA-4123-BF85-56A18F908F29}.Release|Any CPU.Build.0 = Release|Any CPU
		{2CAF60F5-63D1-40A7-AC8E-7CBAF352A897}.Debug|Any CPU.ActiveCfg = Debug|Any CPU
		{2CAF60F5-63D1-40A7-AC8E-7CBAF352A897}.Debug|Any CPU.Build.0 = Debug|Any CPU
		{2CAF60F5-63D1-40A7-AC8E-7CBAF352A897}.Release|Any CPU.ActiveCfg = Release|Any CPU
		{2CAF60F5-63D1-40A7-AC8E-7CBAF352A897}.Release|Any CPU.Build.0 = Release|Any CPU
		{017E494C-0C55-4A3C-87BB-46EBB3928FBD}.Debug|Any CPU.ActiveCfg = Debug|Any CPU
		{017E494C-0C55-4A3C-87BB-46EBB3928FBD}.Debug|Any CPU.Build.0 = Debug|Any CPU
		{017E494C-0C55-4A3C-87BB-46EBB3928FBD}.Release|Any CPU.ActiveCfg = Release|Any CPU
		{017E494C-0C55-4A3C-87BB-46EBB3928FBD}.Release|Any CPU.Build.0 = Release|Any CPU
		{B4EC06DA-BDBB-4B6C-A2C4-73663B572BB2}.Debug|Any CPU.ActiveCfg = Debug|Any CPU
		{B4EC06DA-BDBB-4B6C-A2C4-73663B572BB2}.Debug|Any CPU.Build.0 = Debug|Any CPU
		{B4EC06DA-BDBB-4B6C-A2C4-73663B572BB2}.Release|Any CPU.ActiveCfg = Release|Any CPU
		{B4EC06DA-BDBB-4B6C-A2C4-73663B572BB2}.Release|Any CPU.Build.0 = Release|Any CPU
		{73CD0981-629F-4D9B-8556-4FEA41E201DD}.Debug|Any CPU.ActiveCfg = Debug|Any CPU
		{73CD0981-629F-4D9B-8556-4FEA41E201DD}.Debug|Any CPU.Build.0 = Debug|Any CPU
		{73CD0981-629F-4D9B-8556-4FEA41E201DD}.Release|Any CPU.ActiveCfg = Release|Any CPU
		{73CD0981-629F-4D9B-8556-4FEA41E201DD}.Release|Any CPU.Build.0 = Release|Any CPU
		{4570D6B7-EE73-4A43-BD51-785B776182EA}.Debug|Any CPU.ActiveCfg = Debug|Any CPU
		{4570D6B7-EE73-4A43-BD51-785B776182EA}.Debug|Any CPU.Build.0 = Debug|Any CPU
		{4570D6B7-EE73-4A43-BD51-785B776182EA}.Release|Any CPU.ActiveCfg = Release|Any CPU
		{4570D6B7-EE73-4A43-BD51-785B776182EA}.Release|Any CPU.Build.0 = Release|Any CPU
		{DB1D8640-0C7A-41A8-AD8D-ECAB7F8106B8}.Debug|Any CPU.ActiveCfg = Debug|Any CPU
		{DB1D8640-0C7A-41A8-AD8D-ECAB7F8106B8}.Debug|Any CPU.Build.0 = Debug|Any CPU
		{DB1D8640-0C7A-41A8-AD8D-ECAB7F8106B8}.Release|Any CPU.ActiveCfg = Release|Any CPU
		{DB1D8640-0C7A-41A8-AD8D-ECAB7F8106B8}.Release|Any CPU.Build.0 = Release|Any CPU
		{4990997E-A6D4-453D-B457-3454B044F4A7}.Debug|Any CPU.ActiveCfg = Debug|Any CPU
		{4990997E-A6D4-453D-B457-3454B044F4A7}.Debug|Any CPU.Build.0 = Debug|Any CPU
		{4990997E-A6D4-453D-B457-3454B044F4A7}.Release|Any CPU.ActiveCfg = Release|Any CPU
		{4990997E-A6D4-453D-B457-3454B044F4A7}.Release|Any CPU.Build.0 = Release|Any CPU
		{AD701FEA-1005-42C9-82D3-76A8273CF34A}.Debug|Any CPU.ActiveCfg = Debug|Any CPU
		{AD701FEA-1005-42C9-82D3-76A8273CF34A}.Debug|Any CPU.Build.0 = Debug|Any CPU
		{AD701FEA-1005-42C9-82D3-76A8273CF34A}.Release|Any CPU.ActiveCfg = Release|Any CPU
		{AD701FEA-1005-42C9-82D3-76A8273CF34A}.Release|Any CPU.Build.0 = Release|Any CPU
		{78B0F810-01B6-423A-A0EB-A1494DDC8E1A}.Debug|Any CPU.ActiveCfg = Debug|Any CPU
		{78B0F810-01B6-423A-A0EB-A1494DDC8E1A}.Debug|Any CPU.Build.0 = Debug|Any CPU
		{78B0F810-01B6-423A-A0EB-A1494DDC8E1A}.Release|Any CPU.ActiveCfg = Release|Any CPU
		{78B0F810-01B6-423A-A0EB-A1494DDC8E1A}.Release|Any CPU.Build.0 = Release|Any CPU
	EndGlobalSection
	GlobalSection(SolutionProperties) = preSolution
		HideSolutionNode = FALSE
	EndGlobalSection
	GlobalSection(NestedProjects) = preSolution
		{017E494C-0C55-4A3C-87BB-46EBB3928FBD} = {1B7A05C1-B219-49F8-90C8-0A604AAAB595}
		{B4EC06DA-BDBB-4B6C-A2C4-73663B572BB2} = {1B7A05C1-B219-49F8-90C8-0A604AAAB595}
		{4570D6B7-EE73-4A43-BD51-785B776182EA} = {80F030CD-281E-4791-A077-9DA31B747FDA}
		{DB1D8640-0C7A-41A8-AD8D-ECAB7F8106B8} = {1489A315-7627-4466-9FC8-74F882743C87}
	EndGlobalSection
	GlobalSection(ExtensibilityGlobals) = postSolution
		SolutionGuid = {FE13A64F-5C4D-409E-B003-5B299B846A36}
	EndGlobalSection
EndGlobal
